<Solution>
  <Project Path="AirportBooking.Api/AirportBooking.Api.csproj" />
  <Project Path="AirportBooking.Application/AirportBooking.Application.csproj" />
  <Project Path="AirportBooking.Domain/AirportBooking.Domain.csproj" />
  <Project Path="AirportBooking.Infrastructure/AirportBooking.Infrastructure.csproj" />
  <Project Path="tests/AirportBooking.UnitTests/AirportBooking.UnitTests.csproj" />
  <Project Path="tests/AirportBooking.IntegrationTests/AirportBooking.IntegrationTests.csproj" />
</Solution>
